<?xml version="1.0" encoding="utf-8"?>
<Project ToolsVersion="4.0" xmlns="http://schemas.microsoft.com/developer/msbuild/2003">
  <ItemGroup>
    <Filter Include="Source Files">
      <UniqueIdentifier>{4FC737F1-C7A5-4376-A066-2A32D752A2FF}</UniqueIdentifier>
      <Extensions>cpp;c;cc;cxx;def;odl;idl;hpj;bat;asm;asmx</Extensions>
    </Filter>
    <Filter Include="Header Files">
      <UniqueIdentifier>{93995380-89BD-4b04-88EB-625FBE52EBFB}</UniqueIdentifier>
      <Extensions>h;hpp;hxx;hm;inl;inc;xsd</Extensions>
    </Filter>
    <Filter Include="Resource Files">
      <UniqueIdentifier>{67DA6AB6-F800-4c08-8B7A-83BB121AAD01}</UniqueIdentifier>
      <Extensions>rc;ico;cur;bmp;dlg;rc2;rct;bin;rgs;gif;jpg;jpeg;jpe;resx;tiff;tif;png;wav</Extensions>
    </Filter>
    <Filter Include="Source Files\Plugin SDK">
      <UniqueIdentifier>{06f1f0f7-e8f5-48f2-999e-e53a04056b83}</UniqueIdentifier>
    </Filter>
    <Filter Include="Header Files\Plugin SDK">
      <UniqueIdentifier>{ff6b64da-cee7-4033-bcef-4b0545314cbe}</UniqueIdentifier>
    </Filter>
  </ItemGroup>
  <ItemGroup>
    <ClCompile Include="..\..\src\main.cpp">
      <Filter>Source Files</Filter>
    </ClCompile>
    <ClCompile Include="..\..\src\Plugin.cpp">
      <Filter>Source Files</Filter>
    </ClCompile>
    <ClCompile Include="..\..\src\stdafx.cpp">
      <Filter>Source Files</Filter>
    </ClCompile>
    <ClCompile Include="..\..\pluginsdk\Config.cpp">
      <Filter>Source Files\Plugin SDK</Filter>
    </ClCompile>
    <ClCompile Include="..\..\pluginsdk\Connections.cpp">
      <Filter>Source Files\Plugin SDK</Filter>
    </ClCompile>
    <ClCompile Include="..\..\pluginsdk\Core.cpp">
      <Filter>Source Files\Plugin SDK</Filter>
    </ClCompile>
    <ClCompile Include="..\..\pluginsdk\Hooks.cpp">
      <Filter>Source Files\Plugin SDK</Filter>
    </ClCompile>
    <ClCompile Include="..\..\pluginsdk\Hubs.cpp">
      <Filter>Source Files\Plugin SDK</Filter>
    </ClCompile>
    <ClCompile Include="..\..\pluginsdk\Logger.cpp">
      <Filter>Source Files\Plugin SDK</Filter>
    </ClCompile>
    <ClCompile Include="..\..\pluginsdk\Queue.cpp">
      <Filter>Source Files\Plugin SDK</Filter>
    </ClCompile>
    <ClCompile Include="..\..\pluginsdk\UI.cpp">
      <Filter>Source Files\Plugin SDK</Filter>
    </ClCompile>
    <ClCompile Include="..\..\pluginsdk\Util.cpp">
      <Filter>Source Files\Plugin SDK</Filter>
    </ClCompile>
    <ClCompile Include="..\..\pluginsdk\Tagger.cpp">
      <Filter>Source Files\Plugin SDK</Filter>
    </ClCompile>
  </ItemGroup>
  <ItemGroup>
    <ClInclude Include="..\..\src\Plugin.h">
      <Filter>Header Files</Filter>
    </ClInclude>
    <ClInclude Include="..\..\src\resource.h">
      <Filter>Header Files</Filter>
    </ClInclude>
    <ClInclude Include="..\..\src\stdafx.h">
      <Filter>Header Files</Filter>
    </ClInclude>
    <ClInclude Include="..\..\src\version.h">
      <Filter>Header Files</Filter>
    </ClInclude>
    <ClInclude Include="..\..\pluginsdk\Config.h">
      <Filter>Header Files\Plugin SDK</Filter>
    </ClInclude>
    <ClInclude Include="..\..\pluginsdk\Connections.h">
      <Filter>Header Files\Plugin SDK</Filter>
    </ClInclude>
    <ClInclude Include="..\..\pluginsdk\Core.h">
      <Filter>Header Files\Plugin SDK</Filter>
    </ClInclude>
    <ClInclude Include="..\..\pluginsdk\Hooks.h">
      <Filter>Header Files\Plugin SDK</Filter>
    </ClInclude>
    <ClInclude Include="..\..\pluginsdk\Hubs.h">
      <Filter>Header Files\Plugin SDK</Filter>
    </ClInclude>
    <ClInclude Include="..\..\pluginsdk\Logger.h">
      <Filter>Header Files\Plugin SDK</Filter>
    </ClInclude>
    <ClInclude Include="..\..\pluginsdk\Queue.h">
      <Filter>Header Files\Plugin SDK</Filter>
    </ClInclude>
    <ClInclude Include="..\..\pluginsdk\UI.h">
      <Filter>Header Files\Plugin SDK</Filter>
    </ClInclude>
    <ClInclude Include="..\..\pluginsdk\Util.h">
      <Filter>Header Files\Plugin SDK</Filter>
    </ClInclude>
    <ClInclude Include="..\..\pluginsdk\Tagger.h">
      <Filter>Header Files\Plugin SDK</Filter>
    </ClInclude>
    <ClInclude Include="..\..\pluginsdk\PluginDefs.h">
      <Filter>Header Files\Plugin SDK</Filter>
    </ClInclude>
  </ItemGroup>
  <ItemGroup>
    <ResourceCompile Include="..\..\src\resource.rc">
      <Filter>Resource Files</Filter>
    </ResourceCompile>
  </ItemGroup>
</Project>